
Microsoft Visual Studio Solution File, Format Version 12.00
# Visual Studio Version 16
VisualStudioVersion = 16.0.29728.190
MinimumVisualStudioVersion = 15.0.26124.0
Project("{9A19103F-16F7-4668-BE54-9A1E7A4F7556}") = "ProAgil.Domain", "ProAgil.Domain\ProAgil.Domain.csproj", "{CBC1E096-4E3B-4669-9629-C4BA60188D11}"
EndProject
Project("{9A19103F-16F7-4668-BE54-9A1E7A4F7556}") = "ProAgil.Repository", "ProAgil.Repository\ProAgil.Repository.csproj", "{3179489E-ECEE-49F0-A19A-7287D6CD551F}"
EndProject
Project("{9A19103F-16F7-4668-BE54-9A1E7A4F7556}") = "ProAgil.Api", "ProAgil.Api\ProAgil.Api.csproj", "{76BF165E-F6AF-41F0-8432-66630EF4004D}"
EndProject
Project("{2150E333-8FDC-42A3-9474-1A3956D46DE8}") = "Solution Items", "Solution Items", "{EE36E189-09AD-4581-965E-645F44D803F1}"
	ProjectSection(SolutionItems) = preProject
		.editorconfig = .editorconfig
	EndProjectSection
EndProject
Global
	GlobalSection(SolutionConfigurationPlatforms) = preSolution
		Debug|Any CPU = Debug|Any CPU
		Debug|x64 = Debug|x64
		Debug|x86 = Debug|x86
		Release|Any CPU = Release|Any CPU
		Release|x64 = Release|x64
		Release|x86 = Release|x86
	EndGlobalSection
	GlobalSection(ProjectConfigurationPlatforms) = postSolution
		{CBC1E096-4E3B-4669-9629-C4BA60188D11}.Debug|Any CPU.ActiveCfg = Debug|Any CPU
		{CBC1E096-4E3B-4669-9629-C4BA60188D11}.Debug|Any CPU.Build.0 = Debug|Any CPU
		{CBC1E096-4E3B-4669-9629-C4BA60188D11}.Debug|x64.ActiveCfg = Debug|Any CPU
		{CBC1E096-4E3B-4669-9629-C4BA60188D11}.Debug|x64.Build.0 = Debug|Any CPU
		{CBC1E096-4E3B-4669-9629-C4BA60188D11}.Debug|x86.ActiveCfg = Debug|Any CPU
		{CBC1E096-4E3B-4669-9629-C4BA60188D11}.Debug|x86.Build.0 = Debug|Any CPU
		{CBC1E096-4E3B-4669-9629-C4BA60188D11}.Release|Any CPU.ActiveCfg = Release|Any CPU
		{CBC1E096-4E3B-4669-9629-C4BA60188D11}.Release|Any CPU.Build.0 = Release|Any CPU
		{CBC1E096-4E3B-4669-9629-C4BA60188D11}.Release|x64.ActiveCfg = Release|Any CPU
		{CBC1E096-4E3B-4669-9629-C4BA60188D11}.Release|x64.Build.0 = Release|Any CPU
		{CBC1E096-4E3B-4669-9629-C4BA60188D11}.Release|x86.ActiveCfg = Release|Any CPU
		{CBC1E096-4E3B-4669-9629-C4BA60188D11}.Release|x86.Build.0 = Release|Any CPU
		{3179489E-ECEE-49F0-A19A-7287D6CD551F}.Debug|Any CPU.ActiveCfg = Debug|Any CPU
		{3179489E-ECEE-49F0-A19A-7287D6CD551F}.Debug|Any CPU.Build.0 = Debug|Any CPU
		{3179489E-ECEE-49F0-A19A-7287D6CD551F}.Debug|x64.ActiveCfg = Debug|Any CPU
		{3179489E-ECEE-49F0-A19A-7287D6CD551F}.Debug|x64.Build.0 = Debug|Any CPU
		{3179489E-ECEE-49F0-A19A-7287D6CD551F}.Debug|x86.ActiveCfg = Debug|Any CPU
		{3179489E-ECEE-49F0-A19A-7287D6CD551F}.Debug|x86.Build.0 = Debug|Any CPU
		{3179489E-ECEE-49F0-A19A-7287D6CD551F}.Release|Any CPU.ActiveCfg = Release|Any CPU
		{3179489E-ECEE-49F0-A19A-7287D6CD551F}.Release|Any CPU.Build.0 = Release|Any CPU
		{3179489E-ECEE-49F0-A19A-7287D6CD551F}.Release|x64.ActiveCfg = Release|Any CPU
		{3179489E-ECEE-49F0-A19A-7287D6CD551F}.Release|x64.Build.0 = Release|Any CPU
		{3179489E-ECEE-49F0-A19A-7287D6CD551F}.Release|x86.ActiveCfg = Release|Any CPU
		{3179489E-ECEE-49F0-A19A-7287D6CD551F}.Release|x86.Build.0 = Release|Any CPU
		{76BF165E-F6AF-41F0-8432-66630EF4004D}.Debug|Any CPU.ActiveCfg = Debug|Any CPU
		{76BF165E-F6AF-41F0-8432-66630EF4004D}.Debug|Any CPU.Build.0 = Debug|Any CPU
		{76BF165E-F6AF-41F0-8432-66630EF4004D}.Debug|x64.ActiveCfg = Debug|Any CPU
		{76BF165E-F6AF-41F0-8432-66630EF4004D}.Debug|x64.Build.0 = Debug|Any CPU
		{76BF165E-F6AF-41F0-8432-66630EF4004D}.Debug|x86.ActiveCfg = Debug|Any CPU
		{76BF165E-F6AF-41F0-8432-66630EF4004D}.Debug|x86.Build.0 = Debug|Any CPU
		{76BF165E-F6AF-41F0-8432-66630EF4004D}.Release|Any CPU.ActiveCfg = Release|Any CPU
		{76BF165E-F6AF-41F0-8432-66630EF4004D}.Release|Any CPU.Build.0 = Release|Any CPU
		{76BF165E-F6AF-41F0-8432-66630EF4004D}.Release|x64.ActiveCfg = Release|Any CPU
		{76BF165E-F6AF-41F0-8432-66630EF4004D}.Release|x64.Build.0 = Release|Any CPU
		{76BF165E-F6AF-41F0-8432-66630EF4004D}.Release|x86.ActiveCfg = Release|Any CPU
		{76BF165E-F6AF-41F0-8432-66630EF4004D}.Release|x86.Build.0 = Release|Any CPU
	EndGlobalSection
	GlobalSection(SolutionProperties) = preSolution
		HideSolutionNode = FALSE
	EndGlobalSection
	GlobalSection(ExtensibilityGlobals) = postSolution
		SolutionGuid = {D6F718E2-47E0-4397-80B8-4C740F85A8ED}
	EndGlobalSection
EndGlobal
